
Microsoft Visual Studio Solution File, Format Version 12.00
# Visual Studio Version 17
VisualStudioVersion = 17.1.32228.430
MinimumVisualStudioVersion = 10.0.40219.1
Project("{8BC9CEB8-8B4A-11D0-8D11-00A0C91BC942}") = "OOP_ASSN3_Prob1", "OOP_ASSN3_Prob1\OOP_ASSN3_Prob1.vcxproj", "{850DFBA9-1C03-456C-8923-11B1D5FB8009}"
EndProject
Global
	GlobalSection(SolutionConfigurationPlatforms) = preSolution
		Debug|x64 = Debug|x64
		Debug|x86 = Debug|x86
		Release|x64 = Release|x64
		Release|x86 = Release|x86
	EndGlobalSection
	GlobalSection(ProjectConfigurationPlatforms) = postSolution
		{850DFBA9-1C03-456C-8923-11B1D5FB8009}.Debug|x64.ActiveCfg = Debug|x64
		{850DFBA9-1C03-456C-8923-11B1D5FB8009}.Debug|x64.Build.0 = Debug|x64
		{850DFBA9-1C03-456C-8923-11B1D5FB8009}.Debug|x86.ActiveCfg = Debug|Win32
		{850DFBA9-1C03-456C-8923-11B1D5FB8009}.Debug|x86.Build.0 = Debug|Win32
		{850DFBA9-1C03-456C-8923-11B1D5FB8009}.Release|x64.ActiveCfg = Release|x64
		{850DFBA9-1C03-456C-8923-11B1D5FB8009}.Release|x64.Build.0 = Release|x64
		{850DFBA9-1C03-456C-8923-11B1D5FB8009}.Release|x86.ActiveCfg = Release|Win32
		{850DFBA9-1C03-456C-8923-11B1D5FB8009}.Release|x86.Build.0 = Release|Win32
	EndGlobalSection
	GlobalSection(SolutionProperties) = preSolution
		HideSolutionNode = FALSE
	EndGlobalSection
	GlobalSection(ExtensibilityGlobals) = postSolution
		SolutionGuid = {B6538917-5F9B-4AEA-82E3-8CAE0D1C8942}
	EndGlobalSection
EndGlobal
